
Microsoft Visual Studio Solution File, Format Version 12.00
# Visual Studio Version 17
VisualStudioVersion = 17.1.32210.238
MinimumVisualStudioVersion = 10.0.40219.1
Project("{FAE04EC0-301F-11D3-BF4B-00C04F79EFBC}") = "Network Traffic analyzer", "Network Traffic analyzer\Network Traffic analyzer.csproj", "{639F46FD-A55D-49EF-9209-4F53180E97F9}"
EndProject
Global
	GlobalSection(SolutionConfigurationPlatforms) = preSolution
		Debug|Any CPU = Debug|Any CPU
		Release|Any CPU = Release|Any CPU
	EndGlobalSection
	GlobalSection(ProjectConfigurationPlatforms) = postSolution
		{639F46FD-A55D-49EF-9209-4F53180E97F9}.Debug|Any CPU.ActiveCfg = Debug|Any CPU
		{639F46FD-A55D-49EF-9209-4F53180E97F9}.Debug|Any CPU.Build.0 = Debug|Any CPU
		{639F46FD-A55D-49EF-9209-4F53180E97F9}.Release|Any CPU.ActiveCfg = Release|Any CPU
		{639F46FD-A55D-49EF-9209-4F53180E97F9}.Release|Any CPU.Build.0 = Release|Any CPU
	EndGlobalSection
	GlobalSection(SolutionProperties) = preSolution
		HideSolutionNode = FALSE
	EndGlobalSection
	GlobalSection(ExtensibilityGlobals) = postSolution
		SolutionGuid = {8753CDBB-0E33-4C4B-A505-B071D493B215}
	EndGlobalSection
EndGlobal
